{
  "object": {
    "pins": [
      {
        "package": "Cadmus",
        "repositoryURL": "https://github.com/RustyKnight/Cadmus",
        "state": {
          "branch": "feature/spm",
          "revision": "ffe7ee5d0717891a0a8540d688dff51b8ec79eb2",
          "version": null
        }
      },
      {
        "package": "Hydra",
        "repositoryURL": "https://github.com/RustyKnight/Hydra",
        "state": {
          "branch": null,
          "revision": "50208021ae2712c8e8343ae37f97745289c7d4e0",
          "version": "2.1.0"
        }
      }
    ]
  },
  "version": 1
}
