{
  "object": {
    "pins": [
      {
        "package": "Cadmus",
        "repositoryURL": "https://github.com/RustyKnight/Cadmus",
        "state": {
          "branch": null,
          "revision": "b674faa643a259f9380c0e4f9687f1e841e74581",
          "version": "2.0.0"
        }
      },
      {
        "package": "PromiseKit",
        "repositoryURL": "https://github.com/mxcl/PromiseKit",
        "state": {
          "branch": null,
          "revision": "cf94b87e50e6c21bf42887e3474a2785f1049591",
          "version": "6.14.0"
        }
      }
    ]
  },
  "version": 1
}
