// !$*UTF8*$!
{
	archiveVersion = 1;
	classes = {
	};
	objectVersion = 50;
	objects = {

/* Begin PBXBuildFile section */
		184A32D3237FBA6100D4A66C /* HttpEngine.swift in Sources */ = {isa = PBXBuildFile; fileRef = 70D17738216D9D54004C3733 /* HttpEngine.swift */; };
		184A32D4237FBA6100D4A66C /* HttpRequestBuilder.swift in Sources */ = {isa = PBXBuildFile; fileRef = 7071AE2B216F39EF00622F11 /* HttpRequestBuilder.swift */; };
		184A32D5237FBA6100D4A66C /* HttpEngine.swift in Sources */ = {isa = PBXBuildFile; fileRef = 70D17738216D9D54004C3733 /* HttpEngine.swift */; };
		184A32D6237FBA6100D4A66C /* HttpRequestBuilder.swift in Sources */ = {isa = PBXBuildFile; fileRef = 7071AE2B216F39EF00622F11 /* HttpRequestBuilder.swift */; };
		184A32DB237FBB0F00D4A66C /* Hydra.framework in Frameworks */ = {isa = PBXBuildFile; fileRef = 184A32D9237FBB0F00D4A66C /* Hydra.framework */; };
		184A32DC237FBB0F00D4A66C /* Hydra.framework in Embed Frameworks */ = {isa = PBXBuildFile; fileRef = 184A32D9237FBB0F00D4A66C /* Hydra.framework */; settings = {ATTRIBUTES = (CodeSignOnCopy, RemoveHeadersOnCopy, ); }; };
		184A32DD237FBB0F00D4A66C /* Cadmus.framework in Frameworks */ = {isa = PBXBuildFile; fileRef = 184A32DA237FBB0F00D4A66C /* Cadmus.framework */; };
		184A32DE237FBB0F00D4A66C /* Cadmus.framework in Embed Frameworks */ = {isa = PBXBuildFile; fileRef = 184A32DA237FBB0F00D4A66C /* Cadmus.framework */; settings = {ATTRIBUTES = (CodeSignOnCopy, RemoveHeadersOnCopy, ); }; };
		184A32E2237FBB1800D4A66C /* Hydra.framework in Frameworks */ = {isa = PBXBuildFile; fileRef = 184A32E0237FBB1800D4A66C /* Hydra.framework */; };
		184A32E3237FBB1800D4A66C /* Hydra.framework in Embed Frameworks */ = {isa = PBXBuildFile; fileRef = 184A32E0237FBB1800D4A66C /* Hydra.framework */; settings = {ATTRIBUTES = (CodeSignOnCopy, RemoveHeadersOnCopy, ); }; };
		184A32E4237FBB1800D4A66C /* Cadmus.framework in Frameworks */ = {isa = PBXBuildFile; fileRef = 184A32E1237FBB1800D4A66C /* Cadmus.framework */; };
		184A32E5237FBB1800D4A66C /* Cadmus.framework in Embed Frameworks */ = {isa = PBXBuildFile; fileRef = 184A32E1237FBB1800D4A66C /* Cadmus.framework */; settings = {ATTRIBUTES = (CodeSignOnCopy, RemoveHeadersOnCopy, ); }; };
		1852A8AD237FF0660066B8A3 /* HttpEngineCore.h in Headers */ = {isa = PBXBuildFile; fileRef = 70D17730216D9D05004C3733 /* HttpEngineCore.h */; settings = {ATTRIBUTES = (Public, ); }; };
		1852A8AE237FF0660066B8A3 /* HttpEngine.swift in Sources */ = {isa = PBXBuildFile; fileRef = 70D17738216D9D54004C3733 /* HttpEngine.swift */; };
		1852A8AF237FF0660066B8A3 /* HttpRequestBuilder.swift in Sources */ = {isa = PBXBuildFile; fileRef = 7071AE2B216F39EF00622F11 /* HttpRequestBuilder.swift */; };
		1852A8B0237FF0F30066B8A3 /* Cadmus.framework in Frameworks */ = {isa = PBXBuildFile; fileRef = 184A32E8237FBB2C00D4A66C /* Cadmus.framework */; };
		1852A8B1237FF0F30066B8A3 /* Cadmus.framework in Embed Frameworks */ = {isa = PBXBuildFile; fileRef = 184A32E8237FBB2C00D4A66C /* Cadmus.framework */; settings = {ATTRIBUTES = (CodeSignOnCopy, RemoveHeadersOnCopy, ); }; };
		1852A8B2237FF0F30066B8A3 /* Hydra.framework in Frameworks */ = {isa = PBXBuildFile; fileRef = 184A32E7237FBB2C00D4A66C /* Hydra.framework */; };
		1852A8B3237FF0F30066B8A3 /* Hydra.framework in Embed Frameworks */ = {isa = PBXBuildFile; fileRef = 184A32E7237FBB2C00D4A66C /* Hydra.framework */; settings = {ATTRIBUTES = (CodeSignOnCopy, RemoveHeadersOnCopy, ); }; };
		1854964B237FE1F600A77DD3 /* HttpEngineCore.h in Headers */ = {isa = PBXBuildFile; fileRef = 70D17730216D9D05004C3733 /* HttpEngineCore.h */; settings = {ATTRIBUTES = (Public, ); }; };
		1854964C237FE1F700A77DD3 /* HttpEngineCore.h in Headers */ = {isa = PBXBuildFile; fileRef = 70D17730216D9D05004C3733 /* HttpEngineCore.h */; settings = {ATTRIBUTES = (Public, ); }; };
		7071AE2C216F39EF00622F11 /* HttpRequestBuilder.swift in Sources */ = {isa = PBXBuildFile; fileRef = 7071AE2B216F39EF00622F11 /* HttpRequestBuilder.swift */; };
		70C18EA721C3A0A2007F3826 /* Cadmus.framework in Frameworks */ = {isa = PBXBuildFile; fileRef = 70C18EA621C3A0A2007F3826 /* Cadmus.framework */; };
		70D17732216D9D05004C3733 /* HttpEngineCore.h in Headers */ = {isa = PBXBuildFile; fileRef = 70D17730216D9D05004C3733 /* HttpEngineCore.h */; settings = {ATTRIBUTES = (Public, ); }; };
		70D17739216D9D54004C3733 /* HttpEngine.swift in Sources */ = {isa = PBXBuildFile; fileRef = 70D17738216D9D54004C3733 /* HttpEngine.swift */; };
		70D1773D216D9DC6004C3733 /* Hydra.framework in Frameworks */ = {isa = PBXBuildFile; fileRef = 70D1773B216D9DC6004C3733 /* Hydra.framework */; };
/* End PBXBuildFile section */

/* Begin PBXCopyFilesBuildPhase section */
		184A32DF237FBB0F00D4A66C /* Embed Frameworks */ = {
			isa = PBXCopyFilesBuildPhase;
			buildActionMask = 2147483647;
			dstPath = "";
			dstSubfolderSpec = 10;
			files = (
				184A32DC237FBB0F00D4A66C /* Hydra.framework in Embed Frameworks */,
				184A32DE237FBB0F00D4A66C /* Cadmus.framework in Embed Frameworks */,
			);
			name = "Embed Frameworks";
			runOnlyForDeploymentPostprocessing = 0;
		};
		184A32E6237FBB1800D4A66C /* Embed Frameworks */ = {
			isa = PBXCopyFilesBuildPhase;
			buildActionMask = 2147483647;
			dstPath = "";
			dstSubfolderSpec = 10;
			files = (
				184A32E3237FBB1800D4A66C /* Hydra.framework in Embed Frameworks */,
				184A32E5237FBB1800D4A66C /* Cadmus.framework in Embed Frameworks */,
			);
			name = "Embed Frameworks";
			runOnlyForDeploymentPostprocessing = 0;
		};
		1852A8B4237FF0F30066B8A3 /* Embed Frameworks */ = {
			isa = PBXCopyFilesBuildPhase;
			buildActionMask = 2147483647;
			dstPath = "";
			dstSubfolderSpec = 10;
			files = (
				1852A8B1237FF0F30066B8A3 /* Cadmus.framework in Embed Frameworks */,
				1852A8B3237FF0F30066B8A3 /* Hydra.framework in Embed Frameworks */,
			);
			name = "Embed Frameworks";
			runOnlyForDeploymentPostprocessing = 0;
		};
/* End PBXCopyFilesBuildPhase section */

/* Begin PBXFileReference section */
		18336CCE237FEE480091FCB2 /* HttpEngineCore.framework */ = {isa = PBXFileReference; explicitFileType = wrapper.framework; includeInIndex = 0; path = HttpEngineCore.framework; sourceTree = BUILT_PRODUCTS_DIR; };
		184A32D9237FBB0F00D4A66C /* Hydra.framework */ = {isa = PBXFileReference; lastKnownFileType = wrapper.framework; name = Hydra.framework; path = Carthage/Build/watchOS/Hydra.framework; sourceTree = "<group>"; };
		184A32DA237FBB0F00D4A66C /* Cadmus.framework */ = {isa = PBXFileReference; lastKnownFileType = wrapper.framework; name = Cadmus.framework; path = Carthage/Build/watchOS/Cadmus.framework; sourceTree = "<group>"; };
		184A32E0237FBB1800D4A66C /* Hydra.framework */ = {isa = PBXFileReference; lastKnownFileType = wrapper.framework; name = Hydra.framework; path = Carthage/Build/tvOS/Hydra.framework; sourceTree = "<group>"; };
		184A32E1237FBB1800D4A66C /* Cadmus.framework */ = {isa = PBXFileReference; lastKnownFileType = wrapper.framework; name = Cadmus.framework; path = Carthage/Build/tvOS/Cadmus.framework; sourceTree = "<group>"; };
		184A32E7237FBB2C00D4A66C /* Hydra.framework */ = {isa = PBXFileReference; lastKnownFileType = wrapper.framework; name = Hydra.framework; path = Carthage/Build/Mac/Hydra.framework; sourceTree = "<group>"; };
		184A32E8237FBB2C00D4A66C /* Cadmus.framework */ = {isa = PBXFileReference; lastKnownFileType = wrapper.framework; name = Cadmus.framework; path = Carthage/Build/Mac/Cadmus.framework; sourceTree = "<group>"; };
		7042921E21D6EFFD00D11F4E /* HttpEngineCore.framework */ = {isa = PBXFileReference; explicitFileType = wrapper.framework; includeInIndex = 0; path = HttpEngineCore.framework; sourceTree = BUILT_PRODUCTS_DIR; };
		7042922B21D6F00D00D11F4E /* HttpEngineCore.framework */ = {isa = PBXFileReference; explicitFileType = wrapper.framework; includeInIndex = 0; path = HttpEngineCore.framework; sourceTree = BUILT_PRODUCTS_DIR; };
		7071AE2B216F39EF00622F11 /* HttpRequestBuilder.swift */ = {isa = PBXFileReference; lastKnownFileType = sourcecode.swift; path = HttpRequestBuilder.swift; sourceTree = "<group>"; };
		70C18EA621C3A0A2007F3826 /* Cadmus.framework */ = {isa = PBXFileReference; lastKnownFileType = wrapper.framework; name = Cadmus.framework; path = Carthage/Build/iOS/Cadmus.framework; sourceTree = "<group>"; };
		70D1772D216D9D05004C3733 /* HttpEngineCore.framework */ = {isa = PBXFileReference; explicitFileType = wrapper.framework; includeInIndex = 0; path = HttpEngineCore.framework; sourceTree = BUILT_PRODUCTS_DIR; };
		70D17730216D9D05004C3733 /* HttpEngineCore.h */ = {isa = PBXFileReference; lastKnownFileType = sourcecode.c.h; path = HttpEngineCore.h; sourceTree = "<group>"; };
		70D17731216D9D05004C3733 /* Info.plist */ = {isa = PBXFileReference; lastKnownFileType = text.plist.xml; path = Info.plist; sourceTree = "<group>"; };
		70D17738216D9D54004C3733 /* HttpEngine.swift */ = {isa = PBXFileReference; lastKnownFileType = sourcecode.swift; path = HttpEngine.swift; sourceTree = "<group>"; };
		70D1773B216D9DC6004C3733 /* Hydra.framework */ = {isa = PBXFileReference; lastKnownFileType = wrapper.framework; name = Hydra.framework; path = Carthage/Build/iOS/Hydra.framework; sourceTree = "<group>"; };
		70D1773C216D9DC6004C3733 /* LogWrapperKit.framework */ = {isa = PBXFileReference; lastKnownFileType = wrapper.framework; name = LogWrapperKit.framework; path = Carthage/Build/iOS/LogWrapperKit.framework; sourceTree = "<group>"; };
/* End PBXFileReference section */

/* Begin PBXFrameworksBuildPhase section */
		18336CCB237FEE480091FCB2 /* Frameworks */ = {
			isa = PBXFrameworksBuildPhase;
			buildActionMask = 2147483647;
			files = (
				1852A8B0237FF0F30066B8A3 /* Cadmus.framework in Frameworks */,
				1852A8B2237FF0F30066B8A3 /* Hydra.framework in Frameworks */,
			);
			runOnlyForDeploymentPostprocessing = 0;
		};
		7042921B21D6EFFD00D11F4E /* Frameworks */ = {
			isa = PBXFrameworksBuildPhase;
			buildActionMask = 2147483647;
			files = (
				184A32DB237FBB0F00D4A66C /* Hydra.framework in Frameworks */,
				184A32DD237FBB0F00D4A66C /* Cadmus.framework in Frameworks */,
			);
			runOnlyForDeploymentPostprocessing = 0;
		};
		7042922821D6F00D00D11F4E /* Frameworks */ = {
			isa = PBXFrameworksBuildPhase;
			buildActionMask = 2147483647;
			files = (
				184A32E2237FBB1800D4A66C /* Hydra.framework in Frameworks */,
				184A32E4237FBB1800D4A66C /* Cadmus.framework in Frameworks */,
			);
			runOnlyForDeploymentPostprocessing = 0;
		};
		70D1772A216D9D05004C3733 /* Frameworks */ = {
			isa = PBXFrameworksBuildPhase;
			buildActionMask = 2147483647;
			files = (
				70D1773D216D9DC6004C3733 /* Hydra.framework in Frameworks */,
				70C18EA721C3A0A2007F3826 /* Cadmus.framework in Frameworks */,
			);
			runOnlyForDeploymentPostprocessing = 0;
		};
/* End PBXFrameworksBuildPhase section */

/* Begin PBXGroup section */
		70D17723216D9D05004C3733 = {
			isa = PBXGroup;
			children = (
				70D1772F216D9D05004C3733 /* HttpEngineCore */,
				70D1772E216D9D05004C3733 /* Products */,
				70D1773A216D9DC6004C3733 /* Frameworks */,
			);
			sourceTree = "<group>";
		};
		70D1772E216D9D05004C3733 /* Products */ = {
			isa = PBXGroup;
			children = (
				70D1772D216D9D05004C3733 /* HttpEngineCore.framework */,
				7042921E21D6EFFD00D11F4E /* HttpEngineCore.framework */,
				7042922B21D6F00D00D11F4E /* HttpEngineCore.framework */,
				18336CCE237FEE480091FCB2 /* HttpEngineCore.framework */,
			);
			name = Products;
			sourceTree = "<group>";
		};
		70D1772F216D9D05004C3733 /* HttpEngineCore */ = {
			isa = PBXGroup;
			children = (
				70D17730216D9D05004C3733 /* HttpEngineCore.h */,
				70D17731216D9D05004C3733 /* Info.plist */,
				70D17738216D9D54004C3733 /* HttpEngine.swift */,
				7071AE2B216F39EF00622F11 /* HttpRequestBuilder.swift */,
			);
			path = HttpEngineCore;
			sourceTree = "<group>";
		};
		70D1773A216D9DC6004C3733 /* Frameworks */ = {
			isa = PBXGroup;
			children = (
				70C18EA621C3A0A2007F3826 /* Cadmus.framework */,
				184A32DA237FBB0F00D4A66C /* Cadmus.framework */,
				184A32E1237FBB1800D4A66C /* Cadmus.framework */,
				184A32E8237FBB2C00D4A66C /* Cadmus.framework */,
				70D1773B216D9DC6004C3733 /* Hydra.framework */,
				184A32D9237FBB0F00D4A66C /* Hydra.framework */,
				184A32E0237FBB1800D4A66C /* Hydra.framework */,
				184A32E7237FBB2C00D4A66C /* Hydra.framework */,
				70D1773C216D9DC6004C3733 /* LogWrapperKit.framework */,
			);
			name = Frameworks;
			sourceTree = "<group>";
		};
/* End PBXGroup section */

/* Begin PBXHeadersBuildPhase section */
		18336CC9237FEE480091FCB2 /* Headers */ = {
			isa = PBXHeadersBuildPhase;
			buildActionMask = 2147483647;
			files = (
				1852A8AD237FF0660066B8A3 /* HttpEngineCore.h in Headers */,
			);
			runOnlyForDeploymentPostprocessing = 0;
		};
		7042921921D6EFFD00D11F4E /* Headers */ = {
			isa = PBXHeadersBuildPhase;
			buildActionMask = 2147483647;
			files = (
				1854964B237FE1F600A77DD3 /* HttpEngineCore.h in Headers */,
			);
			runOnlyForDeploymentPostprocessing = 0;
		};
		7042922621D6F00D00D11F4E /* Headers */ = {
			isa = PBXHeadersBuildPhase;
			buildActionMask = 2147483647;
			files = (
				1854964C237FE1F700A77DD3 /* HttpEngineCore.h in Headers */,
			);
			runOnlyForDeploymentPostprocessing = 0;
		};
		70D17728216D9D05004C3733 /* Headers */ = {
			isa = PBXHeadersBuildPhase;
			buildActionMask = 2147483647;
			files = (
				70D17732216D9D05004C3733 /* HttpEngineCore.h in Headers */,
			);
			runOnlyForDeploymentPostprocessing = 0;
		};
/* End PBXHeadersBuildPhase section */

/* Begin PBXNativeTarget section */
		18336CCD237FEE480091FCB2 /* macOS */ = {
			isa = PBXNativeTarget;
			buildConfigurationList = 18336CD3237FEE480091FCB2 /* Build configuration list for PBXNativeTarget "macOS" */;
			buildPhases = (
				18336CC9237FEE480091FCB2 /* Headers */,
				18336CCA237FEE480091FCB2 /* Sources */,
				18336CCB237FEE480091FCB2 /* Frameworks */,
				18336CCC237FEE480091FCB2 /* Resources */,
				1852A8B4237FF0F30066B8A3 /* Embed Frameworks */,
			);
			buildRules = (
			);
			dependencies = (
			);
			name = macOS;
			productName = "HttpEngineCore-macOS";
			productReference = 18336CCE237FEE480091FCB2 /* HttpEngineCore.framework */;
			productType = "com.apple.product-type.framework";
		};
		7042921D21D6EFFD00D11F4E /* watchOS */ = {
			isa = PBXNativeTarget;
			buildConfigurationList = 7042922321D6EFFD00D11F4E /* Build configuration list for PBXNativeTarget "watchOS" */;
			buildPhases = (
				7042921921D6EFFD00D11F4E /* Headers */,
				7042921A21D6EFFD00D11F4E /* Sources */,
				7042921B21D6EFFD00D11F4E /* Frameworks */,
				7042921C21D6EFFD00D11F4E /* Resources */,
				184A32DF237FBB0F00D4A66C /* Embed Frameworks */,
			);
			buildRules = (
			);
			dependencies = (
			);
			name = watchOS;
			productName = "HttpEngineCore-WatchOS";
			productReference = 7042921E21D6EFFD00D11F4E /* HttpEngineCore.framework */;
			productType = "com.apple.product-type.framework";
		};
		7042922A21D6F00D00D11F4E /* tvOS */ = {
			isa = PBXNativeTarget;
			buildConfigurationList = 7042923021D6F00D00D11F4E /* Build configuration list for PBXNativeTarget "tvOS" */;
			buildPhases = (
				7042922621D6F00D00D11F4E /* Headers */,
				7042922721D6F00D00D11F4E /* Sources */,
				7042922821D6F00D00D11F4E /* Frameworks */,
				7042922921D6F00D00D11F4E /* Resources */,
				184A32E6237FBB1800D4A66C /* Embed Frameworks */,
			);
			buildRules = (
			);
			dependencies = (
			);
			name = tvOS;
			productName = "HttpEngineCore-TVOS";
			productReference = 7042922B21D6F00D00D11F4E /* HttpEngineCore.framework */;
			productType = "com.apple.product-type.framework";
		};
		70D1772C216D9D05004C3733 /* iOS */ = {
			isa = PBXNativeTarget;
			buildConfigurationList = 70D17735216D9D05004C3733 /* Build configuration list for PBXNativeTarget "iOS" */;
			buildPhases = (
				70D17728216D9D05004C3733 /* Headers */,
				70D17729216D9D05004C3733 /* Sources */,
				70D1772A216D9D05004C3733 /* Frameworks */,
				70D1772B216D9D05004C3733 /* Resources */,
			);
			buildRules = (
			);
			dependencies = (
			);
			name = iOS;
			productName = HttpEngineCore;
			productReference = 70D1772D216D9D05004C3733 /* HttpEngineCore.framework */;
			productType = "com.apple.product-type.framework";
		};
/* End PBXNativeTarget section */

/* Begin PBXProject section */
		70D17724216D9D05004C3733 /* Project object */ = {
			isa = PBXProject;
			attributes = {
				LastUpgradeCheck = 1100;
				ORGANIZATIONNAME = KaiZen;
				TargetAttributes = {
					18336CCD237FEE480091FCB2 = {
						CreatedOnToolsVersion = 11.2.1;
					};
					7042921D21D6EFFD00D11F4E = {
						CreatedOnToolsVersion = 10.1;
					};
					7042922A21D6F00D00D11F4E = {
						CreatedOnToolsVersion = 10.1;
					};
					70D1772C216D9D05004C3733 = {
						CreatedOnToolsVersion = 10.1;
						LastSwiftMigration = 1100;
					};
				};
			};
			buildConfigurationList = 70D17727216D9D05004C3733 /* Build configuration list for PBXProject "HttpEngineCore" */;
			compatibilityVersion = "Xcode 9.3";
			developmentRegion = en;
			hasScannedForEncodings = 0;
			knownRegions = (
				en,
				Base,
			);
			mainGroup = 70D17723216D9D05004C3733;
			productRefGroup = 70D1772E216D9D05004C3733 /* Products */;
			projectDirPath = "";
			projectRoot = "";
			targets = (
				70D1772C216D9D05004C3733 /* iOS */,
				7042921D21D6EFFD00D11F4E /* watchOS */,
				7042922A21D6F00D00D11F4E /* tvOS */,
				18336CCD237FEE480091FCB2 /* macOS */,
			);
		};
/* End PBXProject section */

/* Begin PBXResourcesBuildPhase section */
		18336CCC237FEE480091FCB2 /* Resources */ = {
			isa = PBXResourcesBuildPhase;
			buildActionMask = 2147483647;
			files = (
			);
			runOnlyForDeploymentPostprocessing = 0;
		};
		7042921C21D6EFFD00D11F4E /* Resources */ = {
			isa = PBXResourcesBuildPhase;
			buildActionMask = 2147483647;
			files = (
			);
			runOnlyForDeploymentPostprocessing = 0;
		};
		7042922921D6F00D00D11F4E /* Resources */ = {
			isa = PBXResourcesBuildPhase;
			buildActionMask = 2147483647;
			files = (
			);
			runOnlyForDeploymentPostprocessing = 0;
		};
		70D1772B216D9D05004C3733 /* Resources */ = {
			isa = PBXResourcesBuildPhase;
			buildActionMask = 2147483647;
			files = (
			);
			runOnlyForDeploymentPostprocessing = 0;
		};
/* End PBXResourcesBuildPhase section */

/* Begin PBXSourcesBuildPhase section */
		18336CCA237FEE480091FCB2 /* Sources */ = {
			isa = PBXSourcesBuildPhase;
			buildActionMask = 2147483647;
			files = (
				1852A8AE237FF0660066B8A3 /* HttpEngine.swift in Sources */,
				1852A8AF237FF0660066B8A3 /* HttpRequestBuilder.swift in Sources */,
			);
			runOnlyForDeploymentPostprocessing = 0;
		};
		7042921A21D6EFFD00D11F4E /* Sources */ = {
			isa = PBXSourcesBuildPhase;
			buildActionMask = 2147483647;
			files = (
				184A32D3237FBA6100D4A66C /* HttpEngine.swift in Sources */,
				184A32D4237FBA6100D4A66C /* HttpRequestBuilder.swift in Sources */,
			);
			runOnlyForDeploymentPostprocessing = 0;
		};
		7042922721D6F00D00D11F4E /* Sources */ = {
			isa = PBXSourcesBuildPhase;
			buildActionMask = 2147483647;
			files = (
				184A32D5237FBA6100D4A66C /* HttpEngine.swift in Sources */,
				184A32D6237FBA6100D4A66C /* HttpRequestBuilder.swift in Sources */,
			);
			runOnlyForDeploymentPostprocessing = 0;
		};
		70D17729216D9D05004C3733 /* Sources */ = {
			isa = PBXSourcesBuildPhase;
			buildActionMask = 2147483647;
			files = (
				70D17739216D9D54004C3733 /* HttpEngine.swift in Sources */,
				7071AE2C216F39EF00622F11 /* HttpRequestBuilder.swift in Sources */,
			);
			runOnlyForDeploymentPostprocessing = 0;
		};
/* End PBXSourcesBuildPhase section */

/* Begin XCBuildConfiguration section */
		18336CD4237FEE480091FCB2 /* Debug */ = {
			isa = XCBuildConfiguration;
			buildSettings = {
				CODE_SIGN_STYLE = Automatic;
				COMBINE_HIDPI_IMAGES = YES;
				DEFINES_MODULE = YES;
				DEVELOPMENT_ASSET_PATHS = "";
				DEVELOPMENT_TEAM = YWXH886EY3;
				DYLIB_COMPATIBILITY_VERSION = 1;
				DYLIB_CURRENT_VERSION = 1;
				DYLIB_INSTALL_NAME_BASE = "@rpath";
				FRAMEWORK_SEARCH_PATHS = (
					"$(inherited)",
					"$(PROJECT_DIR)/Carthage/Build/Mac",
				);
				INFOPLIST_FILE = HttpEngineCore/Info.plist;
				INSTALL_PATH = "$(LOCAL_LIBRARY_DIR)/Frameworks";
				LD_RUNPATH_SEARCH_PATHS = (
					"$(inherited)",
					"@executable_path/../Frameworks",
					"@loader_path/Frameworks",
				);
				MACOSX_DEPLOYMENT_TARGET = 10.15;
				PRODUCT_BUNDLE_IDENTIFIER = "org.kaizen.HttpEngineCore-macOS";
				PRODUCT_NAME = HttpEngineCore;
				SDKROOT = macosx;
				SKIP_INSTALL = YES;
				SWIFT_VERSION = 5.0;
			};
			name = Debug;
		};
		18336CD5237FEE480091FCB2 /* Release */ = {
			isa = XCBuildConfiguration;
			buildSettings = {
				CODE_SIGN_STYLE = Automatic;
				COMBINE_HIDPI_IMAGES = YES;
				DEFINES_MODULE = YES;
				DEVELOPMENT_ASSET_PATHS = "";
				DEVELOPMENT_TEAM = YWXH886EY3;
				DYLIB_COMPATIBILITY_VERSION = 1;
				DYLIB_CURRENT_VERSION = 1;
				DYLIB_INSTALL_NAME_BASE = "@rpath";
				FRAMEWORK_SEARCH_PATHS = (
					"$(inherited)",
					"$(PROJECT_DIR)/Carthage/Build/Mac",
				);
				INFOPLIST_FILE = HttpEngineCore/Info.plist;
				INSTALL_PATH = "$(LOCAL_LIBRARY_DIR)/Frameworks";
				LD_RUNPATH_SEARCH_PATHS = (
					"$(inherited)",
					"@executable_path/../Frameworks",
					"@loader_path/Frameworks",
				);
				MACOSX_DEPLOYMENT_TARGET = 10.15;
				PRODUCT_BUNDLE_IDENTIFIER = "org.kaizen.HttpEngineCore-macOS";
				PRODUCT_NAME = HttpEngineCore;
				SDKROOT = macosx;
				SKIP_INSTALL = YES;
				SWIFT_VERSION = 5.0;
			};
			name = Release;
		};
		7042922421D6EFFD00D11F4E /* Debug */ = {
			isa = XCBuildConfiguration;
			buildSettings = {
				APPLICATION_EXTENSION_API_ONLY = YES;
				CODE_SIGN_IDENTITY = "";
				CODE_SIGN_STYLE = Automatic;
				DEFINES_MODULE = YES;
				DEVELOPMENT_TEAM = YWXH886EY3;
				DYLIB_COMPATIBILITY_VERSION = 1;
				DYLIB_CURRENT_VERSION = 1;
				DYLIB_INSTALL_NAME_BASE = "@rpath";
				FRAMEWORK_SEARCH_PATHS = (
					"$(inherited)",
					"$(PROJECT_DIR)/Carthage/Build/watchOS",
				);
				INFOPLIST_FILE = HttpEngineCore/Info.plist;
				INSTALL_PATH = "$(LOCAL_LIBRARY_DIR)/Frameworks";
				LD_RUNPATH_SEARCH_PATHS = (
					"$(inherited)",
					"@executable_path/Frameworks",
					"@loader_path/Frameworks",
				);
				PRODUCT_BUNDLE_IDENTIFIER = "org.kaizen.HttpEngineCore-WatchOS";
				PRODUCT_NAME = HttpEngineCore;
				SDKROOT = watchos;
				SKIP_INSTALL = YES;
				SWIFT_VERSION = 4.2;
				TARGETED_DEVICE_FAMILY = 4;
				WATCHOS_DEPLOYMENT_TARGET = 5.1;
			};
			name = Debug;
		};
		7042922521D6EFFD00D11F4E /* Release */ = {
			isa = XCBuildConfiguration;
			buildSettings = {
				APPLICATION_EXTENSION_API_ONLY = YES;
				CODE_SIGN_IDENTITY = "";
				CODE_SIGN_STYLE = Automatic;
				DEFINES_MODULE = YES;
				DEVELOPMENT_TEAM = YWXH886EY3;
				DYLIB_COMPATIBILITY_VERSION = 1;
				DYLIB_CURRENT_VERSION = 1;
				DYLIB_INSTALL_NAME_BASE = "@rpath";
				FRAMEWORK_SEARCH_PATHS = (
					"$(inherited)",
					"$(PROJECT_DIR)/Carthage/Build/watchOS",
				);
				INFOPLIST_FILE = HttpEngineCore/Info.plist;
				INSTALL_PATH = "$(LOCAL_LIBRARY_DIR)/Frameworks";
				LD_RUNPATH_SEARCH_PATHS = (
					"$(inherited)",
					"@executable_path/Frameworks",
					"@loader_path/Frameworks",
				);
				PRODUCT_BUNDLE_IDENTIFIER = "org.kaizen.HttpEngineCore-WatchOS";
				PRODUCT_NAME = HttpEngineCore;
				SDKROOT = watchos;
				SKIP_INSTALL = YES;
				SWIFT_VERSION = 4.2;
				TARGETED_DEVICE_FAMILY = 4;
				WATCHOS_DEPLOYMENT_TARGET = 5.1;
			};
			name = Release;
		};
		7042923121D6F00D00D11F4E /* Debug */ = {
			isa = XCBuildConfiguration;
			buildSettings = {
				CODE_SIGN_IDENTITY = "";
				CODE_SIGN_STYLE = Automatic;
				DEFINES_MODULE = YES;
				DEVELOPMENT_TEAM = YWXH886EY3;
				DYLIB_COMPATIBILITY_VERSION = 1;
				DYLIB_CURRENT_VERSION = 1;
				DYLIB_INSTALL_NAME_BASE = "@rpath";
				FRAMEWORK_SEARCH_PATHS = (
					"$(inherited)",
					"$(PROJECT_DIR)/Carthage/Build/tvOS",
				);
				INFOPLIST_FILE = HttpEngineCore/Info.plist;
				INSTALL_PATH = "$(LOCAL_LIBRARY_DIR)/Frameworks";
				LD_RUNPATH_SEARCH_PATHS = (
					"$(inherited)",
					"@executable_path/Frameworks",
					"@loader_path/Frameworks",
				);
				PRODUCT_BUNDLE_IDENTIFIER = "org.kaizen.HttpEngineCore-TVOS";
				PRODUCT_NAME = HttpEngineCore;
				SDKROOT = appletvos;
				SKIP_INSTALL = YES;
				SWIFT_VERSION = 4.2;
				TARGETED_DEVICE_FAMILY = 3;
				TVOS_DEPLOYMENT_TARGET = 12.1;
			};
			name = Debug;
		};
		7042923221D6F00D00D11F4E /* Release */ = {
			isa = XCBuildConfiguration;
			buildSettings = {
				CODE_SIGN_IDENTITY = "";
				CODE_SIGN_STYLE = Automatic;
				DEFINES_MODULE = YES;
				DEVELOPMENT_TEAM = YWXH886EY3;
				DYLIB_COMPATIBILITY_VERSION = 1;
				DYLIB_CURRENT_VERSION = 1;
				DYLIB_INSTALL_NAME_BASE = "@rpath";
				FRAMEWORK_SEARCH_PATHS = (
					"$(inherited)",
					"$(PROJECT_DIR)/Carthage/Build/tvOS",
				);
				INFOPLIST_FILE = HttpEngineCore/Info.plist;
				INSTALL_PATH = "$(LOCAL_LIBRARY_DIR)/Frameworks";
				LD_RUNPATH_SEARCH_PATHS = (
					"$(inherited)",
					"@executable_path/Frameworks",
					"@loader_path/Frameworks",
				);
				PRODUCT_BUNDLE_IDENTIFIER = "org.kaizen.HttpEngineCore-TVOS";
				PRODUCT_NAME = HttpEngineCore;
				SDKROOT = appletvos;
				SKIP_INSTALL = YES;
				SWIFT_VERSION = 4.2;
				TARGETED_DEVICE_FAMILY = 3;
				TVOS_DEPLOYMENT_TARGET = 12.1;
			};
			name = Release;
		};
		70D17733216D9D05004C3733 /* Debug */ = {
			isa = XCBuildConfiguration;
			buildSettings = {
				ALWAYS_SEARCH_USER_PATHS = NO;
				CLANG_ANALYZER_NONNULL = YES;
				CLANG_ANALYZER_NUMBER_OBJECT_CONVERSION = YES_AGGRESSIVE;
				CLANG_CXX_LANGUAGE_STANDARD = "gnu++14";
				CLANG_CXX_LIBRARY = "libc++";
				CLANG_ENABLE_MODULES = YES;
				CLANG_ENABLE_OBJC_ARC = YES;
				CLANG_ENABLE_OBJC_WEAK = YES;
				CLANG_WARN_BLOCK_CAPTURE_AUTORELEASING = YES;
				CLANG_WARN_BOOL_CONVERSION = YES;
				CLANG_WARN_COMMA = YES;
				CLANG_WARN_CONSTANT_CONVERSION = YES;
				CLANG_WARN_DEPRECATED_OBJC_IMPLEMENTATIONS = YES;
				CLANG_WARN_DIRECT_OBJC_ISA_USAGE = YES_ERROR;
				CLANG_WARN_DOCUMENTATION_COMMENTS = YES;
				CLANG_WARN_EMPTY_BODY = YES;
				CLANG_WARN_ENUM_CONVERSION = YES;
				CLANG_WARN_INFINITE_RECURSION = YES;
				CLANG_WARN_INT_CONVERSION = YES;
				CLANG_WARN_NON_LITERAL_NULL_CONVERSION = YES;
				CLANG_WARN_OBJC_IMPLICIT_RETAIN_SELF = YES;
				CLANG_WARN_OBJC_LITERAL_CONVERSION = YES;
				CLANG_WARN_OBJC_ROOT_CLASS = YES_ERROR;
				CLANG_WARN_RANGE_LOOP_ANALYSIS = YES;
				CLANG_WARN_STRICT_PROTOTYPES = YES;
				CLANG_WARN_SUSPICIOUS_MOVE = YES;
				CLANG_WARN_UNGUARDED_AVAILABILITY = YES_AGGRESSIVE;
				CLANG_WARN_UNREACHABLE_CODE = YES;
				CLANG_WARN__DUPLICATE_METHOD_MATCH = YES;
				CODE_SIGN_IDENTITY = "iPhone Developer";
				COPY_PHASE_STRIP = NO;
				CURRENT_PROJECT_VERSION = 1;
				DEBUG_INFORMATION_FORMAT = dwarf;
				ENABLE_STRICT_OBJC_MSGSEND = YES;
				ENABLE_TESTABILITY = YES;
				GCC_C_LANGUAGE_STANDARD = gnu11;
				GCC_DYNAMIC_NO_PIC = NO;
				GCC_NO_COMMON_BLOCKS = YES;
				GCC_OPTIMIZATION_LEVEL = 0;
				GCC_PREPROCESSOR_DEFINITIONS = (
					"DEBUG=1",
					"$(inherited)",
				);
				GCC_WARN_64_TO_32_BIT_CONVERSION = YES;
				GCC_WARN_ABOUT_RETURN_TYPE = YES_ERROR;
				GCC_WARN_UNDECLARED_SELECTOR = YES;
				GCC_WARN_UNINITIALIZED_AUTOS = YES_AGGRESSIVE;
				GCC_WARN_UNUSED_FUNCTION = YES;
				GCC_WARN_UNUSED_VARIABLE = YES;
				IPHONEOS_DEPLOYMENT_TARGET = 11.0;
				MTL_ENABLE_DEBUG_INFO = INCLUDE_SOURCE;
				MTL_FAST_MATH = YES;
				ONLY_ACTIVE_ARCH = YES;
				SDKROOT = iphoneos;
				SWIFT_ACTIVE_COMPILATION_CONDITIONS = DEBUG;
				SWIFT_OPTIMIZATION_LEVEL = "-Onone";
				VERSIONING_SYSTEM = "apple-generic";
				VERSION_INFO_PREFIX = "";
			};
			name = Debug;
		};
		70D17734216D9D05004C3733 /* Release */ = {
			isa = XCBuildConfiguration;
			buildSettings = {
				ALWAYS_SEARCH_USER_PATHS = NO;
				CLANG_ANALYZER_NONNULL = YES;
				CLANG_ANALYZER_NUMBER_OBJECT_CONVERSION = YES_AGGRESSIVE;
				CLANG_CXX_LANGUAGE_STANDARD = "gnu++14";
				CLANG_CXX_LIBRARY = "libc++";
				CLANG_ENABLE_MODULES = YES;
				CLANG_ENABLE_OBJC_ARC = YES;
				CLANG_ENABLE_OBJC_WEAK = YES;
				CLANG_WARN_BLOCK_CAPTURE_AUTORELEASING = YES;
				CLANG_WARN_BOOL_CONVERSION = YES;
				CLANG_WARN_COMMA = YES;
				CLANG_WARN_CONSTANT_CONVERSION = YES;
				CLANG_WARN_DEPRECATED_OBJC_IMPLEMENTATIONS = YES;
				CLANG_WARN_DIRECT_OBJC_ISA_USAGE = YES_ERROR;
				CLANG_WARN_DOCUMENTATION_COMMENTS = YES;
				CLANG_WARN_EMPTY_BODY = YES;
				CLANG_WARN_ENUM_CONVERSION = YES;
				CLANG_WARN_INFINITE_RECURSION = YES;
				CLANG_WARN_INT_CONVERSION = YES;
				CLANG_WARN_NON_LITERAL_NULL_CONVERSION = YES;
				CLANG_WARN_OBJC_IMPLICIT_RETAIN_SELF = YES;
				CLANG_WARN_OBJC_LITERAL_CONVERSION = YES;
				CLANG_WARN_OBJC_ROOT_CLASS = YES_ERROR;
				CLANG_WARN_RANGE_LOOP_ANALYSIS = YES;
				CLANG_WARN_STRICT_PROTOTYPES = YES;
				CLANG_WARN_SUSPICIOUS_MOVE = YES;
				CLANG_WARN_UNGUARDED_AVAILABILITY = YES_AGGRESSIVE;
				CLANG_WARN_UNREACHABLE_CODE = YES;
				CLANG_WARN__DUPLICATE_METHOD_MATCH = YES;
				CODE_SIGN_IDENTITY = "iPhone Developer";
				COPY_PHASE_STRIP = NO;
				CURRENT_PROJECT_VERSION = 1;
				DEBUG_INFORMATION_FORMAT = "dwarf-with-dsym";
				ENABLE_NS_ASSERTIONS = NO;
				ENABLE_STRICT_OBJC_MSGSEND = YES;
				GCC_C_LANGUAGE_STANDARD = gnu11;
				GCC_NO_COMMON_BLOCKS = YES;
				GCC_WARN_64_TO_32_BIT_CONVERSION = YES;
				GCC_WARN_ABOUT_RETURN_TYPE = YES_ERROR;
				GCC_WARN_UNDECLARED_SELECTOR = YES;
				GCC_WARN_UNINITIALIZED_AUTOS = YES_AGGRESSIVE;
				GCC_WARN_UNUSED_FUNCTION = YES;
				GCC_WARN_UNUSED_VARIABLE = YES;
				IPHONEOS_DEPLOYMENT_TARGET = 11.0;
				MTL_ENABLE_DEBUG_INFO = NO;
				MTL_FAST_MATH = YES;
				SDKROOT = iphoneos;
				SWIFT_COMPILATION_MODE = wholemodule;
				SWIFT_OPTIMIZATION_LEVEL = "-O";
				VALIDATE_PRODUCT = YES;
				VERSIONING_SYSTEM = "apple-generic";
				VERSION_INFO_PREFIX = "";
			};
			name = Release;
		};
		70D17736216D9D05004C3733 /* Debug */ = {
			isa = XCBuildConfiguration;
			buildSettings = {
				CLANG_ENABLE_MODULES = YES;
				CODE_SIGN_IDENTITY = "";
				CODE_SIGN_STYLE = Automatic;
				DEFINES_MODULE = YES;
				DEVELOPMENT_TEAM = YWXH886EY3;
				DYLIB_COMPATIBILITY_VERSION = 1;
				DYLIB_CURRENT_VERSION = 1;
				DYLIB_INSTALL_NAME_BASE = "@rpath";
				FRAMEWORK_SEARCH_PATHS = (
					"$(inherited)",
					"$(PROJECT_DIR)/Carthage/Build/iOS",
				);
				INFOPLIST_FILE = HttpEngineCore/Info.plist;
				INSTALL_PATH = "$(LOCAL_LIBRARY_DIR)/Frameworks";
				LD_RUNPATH_SEARCH_PATHS = (
					"$(inherited)",
					"@executable_path/Frameworks",
					"@loader_path/Frameworks",
				);
				PRODUCT_BUNDLE_IDENTIFIER = org.kaizen.HttpEngineCore;
				PRODUCT_NAME = HttpEngineCore;
				SKIP_INSTALL = YES;
				SUPPORTS_MACCATALYST = NO;
				SWIFT_OPTIMIZATION_LEVEL = "-Onone";
				SWIFT_VERSION = 5.0;
				TARGETED_DEVICE_FAMILY = "1,2";
			};
			name = Debug;
		};
		70D17737216D9D05004C3733 /* Release */ = {
			isa = XCBuildConfiguration;
			buildSettings = {
				CLANG_ENABLE_MODULES = YES;
				CODE_SIGN_IDENTITY = "";
				CODE_SIGN_STYLE = Automatic;
				DEFINES_MODULE = YES;
				DEVELOPMENT_TEAM = YWXH886EY3;
				DYLIB_COMPATIBILITY_VERSION = 1;
				DYLIB_CURRENT_VERSION = 1;
				DYLIB_INSTALL_NAME_BASE = "@rpath";
				FRAMEWORK_SEARCH_PATHS = (
					"$(inherited)",
					"$(PROJECT_DIR)/Carthage/Build/iOS",
				);
				INFOPLIST_FILE = HttpEngineCore/Info.plist;
				INSTALL_PATH = "$(LOCAL_LIBRARY_DIR)/Frameworks";
				LD_RUNPATH_SEARCH_PATHS = (
					"$(inherited)",
					"@executable_path/Frameworks",
					"@loader_path/Frameworks",
				);
				PRODUCT_BUNDLE_IDENTIFIER = org.kaizen.HttpEngineCore;
				PRODUCT_NAME = HttpEngineCore;
				SKIP_INSTALL = YES;
				SUPPORTS_MACCATALYST = NO;
				SWIFT_VERSION = 5.0;
				TARGETED_DEVICE_FAMILY = "1,2";
			};
			name = Release;
		};
/* End XCBuildConfiguration section */

/* Begin XCConfigurationList section */
		18336CD3237FEE480091FCB2 /* Build configuration list for PBXNativeTarget "macOS" */ = {
			isa = XCConfigurationList;
			buildConfigurations = (
				18336CD4237FEE480091FCB2 /* Debug */,
				18336CD5237FEE480091FCB2 /* Release */,
			);
			defaultConfigurationIsVisible = 0;
			defaultConfigurationName = Release;
		};
		7042922321D6EFFD00D11F4E /* Build configuration list for PBXNativeTarget "watchOS" */ = {
			isa = XCConfigurationList;
			buildConfigurations = (
				7042922421D6EFFD00D11F4E /* Debug */,
				7042922521D6EFFD00D11F4E /* Release */,
			);
			defaultConfigurationIsVisible = 0;
			defaultConfigurationName = Release;
		};
		7042923021D6F00D00D11F4E /* Build configuration list for PBXNativeTarget "tvOS" */ = {
			isa = XCConfigurationList;
			buildConfigurations = (
				7042923121D6F00D00D11F4E /* Debug */,
				7042923221D6F00D00D11F4E /* Release */,
			);
			defaultConfigurationIsVisible = 0;
			defaultConfigurationName = Release;
		};
		70D17727216D9D05004C3733 /* Build configuration list for PBXProject "HttpEngineCore" */ = {
			isa = XCConfigurationList;
			buildConfigurations = (
				70D17733216D9D05004C3733 /* Debug */,
				70D17734216D9D05004C3733 /* Release */,
			);
			defaultConfigurationIsVisible = 0;
			defaultConfigurationName = Release;
		};
		70D17735216D9D05004C3733 /* Build configuration list for PBXNativeTarget "iOS" */ = {
			isa = XCConfigurationList;
			buildConfigurations = (
				70D17736216D9D05004C3733 /* Debug */,
				70D17737216D9D05004C3733 /* Release */,
			);
			defaultConfigurationIsVisible = 0;
			defaultConfigurationName = Release;
		};
/* End XCConfigurationList section */
	};
	rootObject = 70D17724216D9D05004C3733 /* Project object */;
}
